// !$*UTF8*$!
{
	archiveVersion = 1;
	classes = {
	};
	objectVersion = 56;
	objects = {

/* Begin PBXBuildFile section */
		010FCEA52BD2E9350040A93F /* CartView.swift in Sources */ = {isa = PBXBuildFile; fileRef = 010FCEA42BD2E9350040A93F /* CartView.swift */; };
		01C09AA52B9B7B4F009EC83F /* Final_AppApp.swift in Sources */ = {isa = PBXBuildFile; fileRef = 01C09AA42B9B7B4F009EC83F /* Final_AppApp.swift */; };
		01C09AA72B9B7B4F009EC83F /* ContentView.swift in Sources */ = {isa = PBXBuildFile; fileRef = 01C09AA62B9B7B4F009EC83F /* ContentView.swift */; };
		01C09AA92B9B7B50009EC83F /* Assets.xcassets in Resources */ = {isa = PBXBuildFile; fileRef = 01C09AA82B9B7B50009EC83F /* Assets.xcassets */; };
		01C09AAC2B9B7B50009EC83F /* Preview Assets.xcassets in Resources */ = {isa = PBXBuildFile; fileRef = 01C09AAB2B9B7B50009EC83F /* Preview Assets.xcassets */; };
		01C09AB32B9B81D2009EC83F /* GoogleService-Info.plist in Resources */ = {isa = PBXBuildFile; fileRef = 01C09AB22B9B81D2009EC83F /* GoogleService-Info.plist */; };
		01C09AB72BA207CB009EC83F /* InfoView.swift in Sources */ = {isa = PBXBuildFile; fileRef = 01C09AB62BA207CB009EC83F /* InfoView.swift */; };
		01C09AB92BA208CA009EC83F /* ReportView.swift in Sources */ = {isa = PBXBuildFile; fileRef = 01C09AB82BA208CA009EC83F /* ReportView.swift */; };
		01C09ABB2BA208E0009EC83F /* InputView.swift in Sources */ = {isa = PBXBuildFile; fileRef = 01C09ABA2BA208E0009EC83F /* InputView.swift */; };
		01C09ABD2BA20A5B009EC83F /* HomeView.swift in Sources */ = {isa = PBXBuildFile; fileRef = 01C09ABC2BA20A5B009EC83F /* HomeView.swift */; };
		01F9DE1C2BA9F62D00B7A931 /* User.swift in Sources */ = {isa = PBXBuildFile; fileRef = 01F9DE1B2BA9F62D00B7A931 /* User.swift */; };
		01F9DE1E2BA9F6D200B7A931 /* AuthenticationView.swift in Sources */ = {isa = PBXBuildFile; fileRef = 01F9DE1D2BA9F6D200B7A931 /* AuthenticationView.swift */; };
		01F9DE202BA9F6F300B7A931 /* SignUpView.swift in Sources */ = {isa = PBXBuildFile; fileRef = 01F9DE1F2BA9F6F300B7A931 /* SignUpView.swift */; };
		01F9DE222BA9F71700B7A931 /* LoginView.swift in Sources */ = {isa = PBXBuildFile; fileRef = 01F9DE212BA9F71700B7A931 /* LoginView.swift */; };
		01F9DE242BAB559E00B7A931 /* StoreView.swift in Sources */ = {isa = PBXBuildFile; fileRef = 01F9DE232BAB559E00B7A931 /* StoreView.swift */; };
		01F9DE262BB62EFF00B7A931 /* Store.swift in Sources */ = {isa = PBXBuildFile; fileRef = 01F9DE252BB62EFF00B7A931 /* Store.swift */; };
		01F9DE282BB62F3200B7A931 /* Product.swift in Sources */ = {isa = PBXBuildFile; fileRef = 01F9DE272BB62F3200B7A931 /* Product.swift */; };
		01F9DE2A2BB62FD600B7A931 /* ProductDetailView.swift in Sources */ = {isa = PBXBuildFile; fileRef = 01F9DE292BB62FD600B7A931 /* ProductDetailView.swift */; };
		01F9DE2C2BD1877300B7A931 /* Cart.swift in Sources */ = {isa = PBXBuildFile; fileRef = 01F9DE2B2BD1877300B7A931 /* Cart.swift */; };
		57DB5A30C7AC6FDBA476C517 /* Pods_Final_App.framework in Frameworks */ = {isa = PBXBuildFile; fileRef = A7A1FD7EAA1CC48088821A17 /* Pods_Final_App.framework */; };
		5D6C5AEF2BA9F47E00D5FB69 /* FactsView.swift in Sources */ = {isa = PBXBuildFile; fileRef = 5D6C5AEE2BA9F47E00D5FB69 /* FactsView.swift */; };
		5D6C5AF12BA9F48A00D5FB69 /* RecycleView.swift in Sources */ = {isa = PBXBuildFile; fileRef = 5D6C5AF02BA9F48A00D5FB69 /* RecycleView.swift */; };
		5D6C5AF72BC9A1BD00D5FB69 /* FactsModel.swift in Sources */ = {isa = PBXBuildFile; fileRef = 5D6C5AF62BC9A1BD00D5FB69 /* FactsModel.swift */; };
		D3BF3C282BA4C5C800E2F641 /* Constants.swift in Sources */ = {isa = PBXBuildFile; fileRef = D3BF3C272BA4C5C800E2F641 /* Constants.swift */; };
		D3BF3C2A2BBDD5BC00E2F641 /* StartView.swift in Sources */ = {isa = PBXBuildFile; fileRef = D3BF3C292BBDD5BC00E2F641 /* StartView.swift */; };
		FE6366D12BF674BA00F05A8B /* MobileNetV2.mlmodel in Sources */ = {isa = PBXBuildFile; fileRef = FE6366D02BF674BA00F05A8B /* MobileNetV2.mlmodel */; };
/* End PBXBuildFile section */

/* Begin PBXFileReference section */
		010FCEA42BD2E9350040A93F /* CartView.swift */ = {isa = PBXFileReference; lastKnownFileType = sourcecode.swift; path = CartView.swift; sourceTree = "<group>"; };
		01C09AA12B9B7B4F009EC83F /* Final App.app */ = {isa = PBXFileReference; explicitFileType = wrapper.application; includeInIndex = 0; path = "Final App.app"; sourceTree = BUILT_PRODUCTS_DIR; };
		01C09AA42B9B7B4F009EC83F /* Final_AppApp.swift */ = {isa = PBXFileReference; lastKnownFileType = sourcecode.swift; path = Final_AppApp.swift; sourceTree = "<group>"; };
		01C09AA62B9B7B4F009EC83F /* ContentView.swift */ = {isa = PBXFileReference; lastKnownFileType = sourcecode.swift; path = ContentView.swift; sourceTree = "<group>"; };
		01C09AA82B9B7B50009EC83F /* Assets.xcassets */ = {isa = PBXFileReference; lastKnownFileType = folder.assetcatalog; path = Assets.xcassets; sourceTree = "<group>"; };
		01C09AAB2B9B7B50009EC83F /* Preview Assets.xcassets */ = {isa = PBXFileReference; lastKnownFileType = folder.assetcatalog; path = "Preview Assets.xcassets"; sourceTree = "<group>"; };
		01C09AB22B9B81D2009EC83F /* GoogleService-Info.plist */ = {isa = PBXFileReference; fileEncoding = 4; lastKnownFileType = text.plist.xml; path = "GoogleService-Info.plist"; sourceTree = "<group>"; };
		01C09AB62BA207CB009EC83F /* InfoView.swift */ = {isa = PBXFileReference; lastKnownFileType = sourcecode.swift; path = InfoView.swift; sourceTree = "<group>"; };
		01C09AB82BA208CA009EC83F /* ReportView.swift */ = {isa = PBXFileReference; lastKnownFileType = sourcecode.swift; path = ReportView.swift; sourceTree = "<group>"; };
		01C09ABA2BA208E0009EC83F /* InputView.swift */ = {isa = PBXFileReference; lastKnownFileType = sourcecode.swift; path = InputView.swift; sourceTree = "<group>"; };
		01C09ABC2BA20A5B009EC83F /* HomeView.swift */ = {isa = PBXFileReference; lastKnownFileType = sourcecode.swift; path = HomeView.swift; sourceTree = "<group>"; };
		01F9DE1B2BA9F62D00B7A931 /* User.swift */ = {isa = PBXFileReference; lastKnownFileType = sourcecode.swift; path = User.swift; sourceTree = "<group>"; };
		01F9DE1D2BA9F6D200B7A931 /* AuthenticationView.swift */ = {isa = PBXFileReference; lastKnownFileType = sourcecode.swift; path = AuthenticationView.swift; sourceTree = "<group>"; };
		01F9DE1F2BA9F6F300B7A931 /* SignUpView.swift */ = {isa = PBXFileReference; lastKnownFileType = sourcecode.swift; path = SignUpView.swift; sourceTree = "<group>"; };
		01F9DE212BA9F71700B7A931 /* LoginView.swift */ = {isa = PBXFileReference; lastKnownFileType = sourcecode.swift; path = LoginView.swift; sourceTree = "<group>"; };
		01F9DE232BAB559E00B7A931 /* StoreView.swift */ = {isa = PBXFileReference; lastKnownFileType = sourcecode.swift; path = StoreView.swift; sourceTree = "<group>"; };
		01F9DE252BB62EFF00B7A931 /* Store.swift */ = {isa = PBXFileReference; lastKnownFileType = sourcecode.swift; path = Store.swift; sourceTree = "<group>"; };
		01F9DE272BB62F3200B7A931 /* Product.swift */ = {isa = PBXFileReference; lastKnownFileType = sourcecode.swift; path = Product.swift; sourceTree = "<group>"; };
		01F9DE292BB62FD600B7A931 /* ProductDetailView.swift */ = {isa = PBXFileReference; lastKnownFileType = sourcecode.swift; path = ProductDetailView.swift; sourceTree = "<group>"; };
		01F9DE2B2BD1877300B7A931 /* Cart.swift */ = {isa = PBXFileReference; lastKnownFileType = sourcecode.swift; path = Cart.swift; sourceTree = "<group>"; };
		5D6C5AEE2BA9F47E00D5FB69 /* FactsView.swift */ = {isa = PBXFileReference; lastKnownFileType = sourcecode.swift; path = FactsView.swift; sourceTree = "<group>"; };
		5D6C5AF02BA9F48A00D5FB69 /* RecycleView.swift */ = {isa = PBXFileReference; lastKnownFileType = sourcecode.swift; path = RecycleView.swift; sourceTree = "<group>"; };
		5D6C5AF62BC9A1BD00D5FB69 /* FactsModel.swift */ = {isa = PBXFileReference; lastKnownFileType = sourcecode.swift; path = FactsModel.swift; sourceTree = "<group>"; };
		6CE9B896955E16C534F549AF /* Pods-Final App.release.xcconfig */ = {isa = PBXFileReference; includeInIndex = 1; lastKnownFileType = text.xcconfig; name = "Pods-Final App.release.xcconfig"; path = "Target Support Files/Pods-Final App/Pods-Final App.release.xcconfig"; sourceTree = "<group>"; };
		A7A1FD7EAA1CC48088821A17 /* Pods_Final_App.framework */ = {isa = PBXFileReference; explicitFileType = wrapper.framework; includeInIndex = 0; path = Pods_Final_App.framework; sourceTree = BUILT_PRODUCTS_DIR; };
		B0D9FD2828FF9582D44613FB /* Pods-Final App.debug.xcconfig */ = {isa = PBXFileReference; includeInIndex = 1; lastKnownFileType = text.xcconfig; name = "Pods-Final App.debug.xcconfig"; path = "Target Support Files/Pods-Final App/Pods-Final App.debug.xcconfig"; sourceTree = "<group>"; };
		D3BF3C272BA4C5C800E2F641 /* Constants.swift */ = {isa = PBXFileReference; lastKnownFileType = sourcecode.swift; path = Constants.swift; sourceTree = "<group>"; };
		D3BF3C292BBDD5BC00E2F641 /* StartView.swift */ = {isa = PBXFileReference; lastKnownFileType = sourcecode.swift; path = StartView.swift; sourceTree = "<group>"; };
		FE6366D02BF674BA00F05A8B /* MobileNetV2.mlmodel */ = {isa = PBXFileReference; lastKnownFileType = file.mlmodel; path = MobileNetV2.mlmodel; sourceTree = "<group>"; };
/* End PBXFileReference section */

/* Begin PBXFrameworksBuildPhase section */
		01C09A9E2B9B7B4F009EC83F /* Frameworks */ = {
			isa = PBXFrameworksBuildPhase;
			buildActionMask = 2147483647;
			files = (
				57DB5A30C7AC6FDBA476C517 /* Pods_Final_App.framework in Frameworks */,
			);
			runOnlyForDeploymentPostprocessing = 0;
		};
/* End PBXFrameworksBuildPhase section */

/* Begin PBXGroup section */
		001E3433EF2AC91F9641C20A /* Frameworks */ = {
			isa = PBXGroup;
			children = (
				A7A1FD7EAA1CC48088821A17 /* Pods_Final_App.framework */,
			);
			name = Frameworks;
			sourceTree = "<group>";
		};
		01C09A982B9B7B4F009EC83F = {
			isa = PBXGroup;
			children = (
				01C09AA32B9B7B4F009EC83F /* Final App */,
				01C09AA22B9B7B4F009EC83F /* Products */,
				46CB3A784E72C84D68D9E0F0 /* Pods */,
				001E3433EF2AC91F9641C20A /* Frameworks */,
			);
			sourceTree = "<group>";
		};
		01C09AA22B9B7B4F009EC83F /* Products */ = {
			isa = PBXGroup;
			children = (
				01C09AA12B9B7B4F009EC83F /* Final App.app */,
			);
			name = Products;
			sourceTree = "<group>";
		};
		01C09AA32B9B7B4F009EC83F /* Final App */ = {
			isa = PBXGroup;
			children = (
				D3BF3C262BA4C5B700E2F641 /* Models */,
				01C09AB42BA2075F009EC83F /* Views */,
				01C09AB22B9B81D2009EC83F /* GoogleService-Info.plist */,
				01C09AA42B9B7B4F009EC83F /* Final_AppApp.swift */,
				01C09AA82B9B7B50009EC83F /* Assets.xcassets */,
				FE6366D02BF674BA00F05A8B /* MobileNetV2.mlmodel */,
				01C09AAA2B9B7B50009EC83F /* Preview Content */,
			);
			path = "Final App";
			sourceTree = "<group>";
		};
		01C09AAA2B9B7B50009EC83F /* Preview Content */ = {
			isa = PBXGroup;
			children = (
				01C09AAB2B9B7B50009EC83F /* Preview Assets.xcassets */,
			);
			path = "Preview Content";
			sourceTree = "<group>";
		};
		01C09AB42BA2075F009EC83F /* Views */ = {
			isa = PBXGroup;
			children = (
				01C09AA62B9B7B4F009EC83F /* ContentView.swift */,
				01C09AB62BA207CB009EC83F /* InfoView.swift */,
				01C09AB82BA208CA009EC83F /* ReportView.swift */,
				01C09ABA2BA208E0009EC83F /* InputView.swift */,
				01C09ABC2BA20A5B009EC83F /* HomeView.swift */,
				5D6C5AEE2BA9F47E00D5FB69 /* FactsView.swift */,
				5D6C5AF02BA9F48A00D5FB69 /* RecycleView.swift */,
				01F9DE1D2BA9F6D200B7A931 /* AuthenticationView.swift */,
				01F9DE1F2BA9F6F300B7A931 /* SignUpView.swift */,
				01F9DE212BA9F71700B7A931 /* LoginView.swift */,
				01F9DE232BAB559E00B7A931 /* StoreView.swift */,
				01F9DE292BB62FD600B7A931 /* ProductDetailView.swift */,
				D3BF3C292BBDD5BC00E2F641 /* StartView.swift */,
				010FCEA42BD2E9350040A93F /* CartView.swift */,
			);
			path = Views;
			sourceTree = "<group>";
		};
		46CB3A784E72C84D68D9E0F0 /* Pods */ = {
			isa = PBXGroup;
			children = (
				B0D9FD2828FF9582D44613FB /* Pods-Final App.debug.xcconfig */,
				6CE9B896955E16C534F549AF /* Pods-Final App.release.xcconfig */,
			);
			path = Pods;
			sourceTree = "<group>";
		};
		D3BF3C262BA4C5B700E2F641 /* Models */ = {
			isa = PBXGroup;
			children = (
				D3BF3C272BA4C5C800E2F641 /* Constants.swift */,
				01F9DE1B2BA9F62D00B7A931 /* User.swift */,
				01F9DE252BB62EFF00B7A931 /* Store.swift */,
				01F9DE272BB62F3200B7A931 /* Product.swift */,
				5D6C5AF62BC9A1BD00D5FB69 /* FactsModel.swift */,
				01F9DE2B2BD1877300B7A931 /* Cart.swift */,
			);
			path = Models;
			sourceTree = "<group>";
		};
/* End PBXGroup section */

/* Begin PBXNativeTarget section */
		01C09AA02B9B7B4F009EC83F /* Final App */ = {
			isa = PBXNativeTarget;
			buildConfigurationList = 01C09AAF2B9B7B50009EC83F /* Build configuration list for PBXNativeTarget "Final App" */;
			buildPhases = (
				2D9418E7BD00387D8ECB3210 /* [CP] Check Pods Manifest.lock */,
				01C09A9D2B9B7B4F009EC83F /* Sources */,
				01C09A9E2B9B7B4F009EC83F /* Frameworks */,
				01C09A9F2B9B7B4F009EC83F /* Resources */,
				9354B517EBC90DA5FC56FAFC /* [CP] Embed Pods Frameworks */,
			);
			buildRules = (
			);
			dependencies = (
			);
			name = "Final App";
			productName = "Final App";
			productReference = 01C09AA12B9B7B4F009EC83F /* Final App.app */;
			productType = "com.apple.product-type.application";
		};
/* End PBXNativeTarget section */

/* Begin PBXProject section */
		01C09A992B9B7B4F009EC83F /* Project object */ = {
			isa = PBXProject;
			attributes = {
				BuildIndependentTargetsInParallel = 1;
				LastSwiftUpdateCheck = 1430;
				LastUpgradeCheck = 1430;
				TargetAttributes = {
					01C09AA02B9B7B4F009EC83F = {
						CreatedOnToolsVersion = 14.3.1;
					};
				};
			};
			buildConfigurationList = 01C09A9C2B9B7B4F009EC83F /* Build configuration list for PBXProject "Final App" */;
			compatibilityVersion = "Xcode 14.0";
			developmentRegion = en;
			hasScannedForEncodings = 0;
			knownRegions = (
				en,
				Base,
			);
			mainGroup = 01C09A982B9B7B4F009EC83F;
			productRefGroup = 01C09AA22B9B7B4F009EC83F /* Products */;
			projectDirPath = "";
			projectRoot = "";
			targets = (
				01C09AA02B9B7B4F009EC83F /* Final App */,
			);
		};
/* End PBXProject section */

/* Begin PBXResourcesBuildPhase section */
		01C09A9F2B9B7B4F009EC83F /* Resources */ = {
			isa = PBXResourcesBuildPhase;
			buildActionMask = 2147483647;
			files = (
				01C09AAC2B9B7B50009EC83F /* Preview Assets.xcassets in Resources */,
				01C09AB32B9B81D2009EC83F /* GoogleService-Info.plist in Resources */,
				01C09AA92B9B7B50009EC83F /* Assets.xcassets in Resources */,
			);
			runOnlyForDeploymentPostprocessing = 0;
		};
/* End PBXResourcesBuildPhase section */

/* Begin PBXShellScriptBuildPhase section */
		2D9418E7BD00387D8ECB3210 /* [CP] Check Pods Manifest.lock */ = {
			isa = PBXShellScriptBuildPhase;
			buildActionMask = 2147483647;
			files = (
			);
			inputFileListPaths = (
			);
			inputPaths = (
				"${PODS_PODFILE_DIR_PATH}/Podfile.lock",
				"${PODS_ROOT}/Manifest.lock",
			);
			name = "[CP] Check Pods Manifest.lock";
			outputFileListPaths = (
			);
			outputPaths = (
				"$(DERIVED_FILE_DIR)/Pods-Final App-checkManifestLockResult.txt",
			);
			runOnlyForDeploymentPostprocessing = 0;
			shellPath = /bin/sh;
			shellScript = "diff \"${PODS_PODFILE_DIR_PATH}/Podfile.lock\" \"${PODS_ROOT}/Manifest.lock\" > /dev/null\nif [ $? != 0 ] ; then\n    # print error to STDERR\n    echo \"error: The sandbox is not in sync with the Podfile.lock. Run 'pod install' or update your CocoaPods installation.\" >&2\n    exit 1\nfi\n# This output is used by Xcode 'outputs' to avoid re-running this script phase.\necho \"SUCCESS\" > \"${SCRIPT_OUTPUT_FILE_0}\"\n";
			showEnvVarsInLog = 0;
		};
		9354B517EBC90DA5FC56FAFC /* [CP] Embed Pods Frameworks */ = {
			isa = PBXShellScriptBuildPhase;
			buildActionMask = 2147483647;
			files = (
			);
			inputFileListPaths = (
				"${PODS_ROOT}/Target Support Files/Pods-Final App/Pods-Final App-frameworks-${CONFIGURATION}-input-files.xcfilelist",
			);
			name = "[CP] Embed Pods Frameworks";
			outputFileListPaths = (
				"${PODS_ROOT}/Target Support Files/Pods-Final App/Pods-Final App-frameworks-${CONFIGURATION}-output-files.xcfilelist",
			);
			runOnlyForDeploymentPostprocessing = 0;
			shellPath = /bin/sh;
			shellScript = "\"${PODS_ROOT}/Target Support Files/Pods-Final App/Pods-Final App-frameworks.sh\"\n";
			showEnvVarsInLog = 0;
		};
/* End PBXShellScriptBuildPhase section */

/* Begin PBXSourcesBuildPhase section */
		01C09A9D2B9B7B4F009EC83F /* Sources */ = {
			isa = PBXSourcesBuildPhase;
			buildActionMask = 2147483647;
			files = (
				5D6C5AF12BA9F48A00D5FB69 /* RecycleView.swift in Sources */,
				D3BF3C2A2BBDD5BC00E2F641 /* StartView.swift in Sources */,
				01C09AA72B9B7B4F009EC83F /* ContentView.swift in Sources */,
				01C09AB72BA207CB009EC83F /* InfoView.swift in Sources */,
				01C09ABB2BA208E0009EC83F /* InputView.swift in Sources */,
				01C09ABD2BA20A5B009EC83F /* HomeView.swift in Sources */,
				01F9DE1C2BA9F62D00B7A931 /* User.swift in Sources */,
				01F9DE2C2BD1877300B7A931 /* Cart.swift in Sources */,
				01F9DE1E2BA9F6D200B7A931 /* AuthenticationView.swift in Sources */,
				01F9DE202BA9F6F300B7A931 /* SignUpView.swift in Sources */,
				01F9DE262BB62EFF00B7A931 /* Store.swift in Sources */,
				5D6C5AF72BC9A1BD00D5FB69 /* FactsModel.swift in Sources */,
				D3BF3C282BA4C5C800E2F641 /* Constants.swift in Sources */,
				01F9DE222BA9F71700B7A931 /* LoginView.swift in Sources */,
				01C09AB92BA208CA009EC83F /* ReportView.swift in Sources */,
				01F9DE2A2BB62FD600B7A931 /* ProductDetailView.swift in Sources */,
				010FCEA52BD2E9350040A93F /* CartView.swift in Sources */,
				01F9DE242BAB559E00B7A931 /* StoreView.swift in Sources */,
				FE6366D12BF674BA00F05A8B /* MobileNetV2.mlmodel in Sources */,
				5D6C5AEF2BA9F47E00D5FB69 /* FactsView.swift in Sources */,
				01C09AA52B9B7B4F009EC83F /* Final_AppApp.swift in Sources */,
				01F9DE282BB62F3200B7A931 /* Product.swift in Sources */,
			);
			runOnlyForDeploymentPostprocessing = 0;
		};
/* End PBXSourcesBuildPhase section */

/* Begin XCBuildConfiguration section */
		01C09AAD2B9B7B50009EC83F /* Debug */ = {
			isa = XCBuildConfiguration;
			buildSettings = {
				ALWAYS_SEARCH_USER_PATHS = NO;
				CLANG_ANALYZER_NONNULL = YES;
				CLANG_ANALYZER_NUMBER_OBJECT_CONVERSION = YES_AGGRESSIVE;
				CLANG_CXX_LANGUAGE_STANDARD = "gnu++20";
				CLANG_ENABLE_MODULES = YES;
				CLANG_ENABLE_OBJC_ARC = YES;
				CLANG_ENABLE_OBJC_WEAK = YES;
				CLANG_WARN_BLOCK_CAPTURE_AUTORELEASING = YES;
				CLANG_WARN_BOOL_CONVERSION = YES;
				CLANG_WARN_COMMA = YES;
				CLANG_WARN_CONSTANT_CONVERSION = YES;
				CLANG_WARN_DEPRECATED_OBJC_IMPLEMENTATIONS = YES;
				CLANG_WARN_DIRECT_OBJC_ISA_USAGE = YES_ERROR;
				CLANG_WARN_DOCUMENTATION_COMMENTS = YES;
				CLANG_WARN_EMPTY_BODY = YES;
				CLANG_WARN_ENUM_CONVERSION = YES;
				CLANG_WARN_INFINITE_RECURSION = YES;
				CLANG_WARN_INT_CONVERSION = YES;
				CLANG_WARN_NON_LITERAL_NULL_CONVERSION = YES;
				CLANG_WARN_OBJC_IMPLICIT_RETAIN_SELF = YES;
				CLANG_WARN_OBJC_LITERAL_CONVERSION = YES;
				CLANG_WARN_OBJC_ROOT_CLASS = YES_ERROR;
				CLANG_WARN_QUOTED_INCLUDE_IN_FRAMEWORK_HEADER = YES;
				CLANG_WARN_RANGE_LOOP_ANALYSIS = YES;
				CLANG_WARN_STRICT_PROTOTYPES = YES;
				CLANG_WARN_SUSPICIOUS_MOVE = YES;
				CLANG_WARN_UNGUARDED_AVAILABILITY = YES_AGGRESSIVE;
				CLANG_WARN_UNREACHABLE_CODE = YES;
				CLANG_WARN__DUPLICATE_METHOD_MATCH = YES;
				COPY_PHASE_STRIP = NO;
				DEBUG_INFORMATION_FORMAT = dwarf;
				ENABLE_STRICT_OBJC_MSGSEND = YES;
				ENABLE_TESTABILITY = YES;
				GCC_C_LANGUAGE_STANDARD = gnu11;
				GCC_DYNAMIC_NO_PIC = NO;
				GCC_NO_COMMON_BLOCKS = YES;
				GCC_OPTIMIZATION_LEVEL = 0;
				GCC_PREPROCESSOR_DEFINITIONS = (
					"DEBUG=1",
					"$(inherited)",
				);
				GCC_WARN_64_TO_32_BIT_CONVERSION = YES;
				GCC_WARN_ABOUT_RETURN_TYPE = YES_ERROR;
				GCC_WARN_UNDECLARED_SELECTOR = YES;
				GCC_WARN_UNINITIALIZED_AUTOS = YES_AGGRESSIVE;
				GCC_WARN_UNUSED_FUNCTION = YES;
				GCC_WARN_UNUSED_VARIABLE = YES;
				IPHONEOS_DEPLOYMENT_TARGET = 16.4;
				MTL_ENABLE_DEBUG_INFO = INCLUDE_SOURCE;
				MTL_FAST_MATH = YES;
				ONLY_ACTIVE_ARCH = YES;
				SDKROOT = iphoneos;
				SWIFT_ACTIVE_COMPILATION_CONDITIONS = DEBUG;
				SWIFT_OPTIMIZATION_LEVEL = "-Onone";
			};
			name = Debug;
		};
		01C09AAE2B9B7B50009EC83F /* Release */ = {
			isa = XCBuildConfiguration;
			buildSettings = {
				ALWAYS_SEARCH_USER_PATHS = NO;
				CLANG_ANALYZER_NONNULL = YES;
				CLANG_ANALYZER_NUMBER_OBJECT_CONVERSION = YES_AGGRESSIVE;
				CLANG_CXX_LANGUAGE_STANDARD = "gnu++20";
				CLANG_ENABLE_MODULES = YES;
				CLANG_ENABLE_OBJC_ARC = YES;
				CLANG_ENABLE_OBJC_WEAK = YES;
				CLANG_WARN_BLOCK_CAPTURE_AUTORELEASING = YES;
				CLANG_WARN_BOOL_CONVERSION = YES;
				CLANG_WARN_COMMA = YES;
				CLANG_WARN_CONSTANT_CONVERSION = YES;
				CLANG_WARN_DEPRECATED_OBJC_IMPLEMENTATIONS = YES;
				CLANG_WARN_DIRECT_OBJC_ISA_USAGE = YES_ERROR;
				CLANG_WARN_DOCUMENTATION_COMMENTS = YES;
				CLANG_WARN_EMPTY_BODY = YES;
				CLANG_WARN_ENUM_CONVERSION = YES;
				CLANG_WARN_INFINITE_RECURSION = YES;
				CLANG_WARN_INT_CONVERSION = YES;
				CLANG_WARN_NON_LITERAL_NULL_CONVERSION = YES;
				CLANG_WARN_OBJC_IMPLICIT_RETAIN_SELF = YES;
				CLANG_WARN_OBJC_LITERAL_CONVERSION = YES;
				CLANG_WARN_OBJC_ROOT_CLASS = YES_ERROR;
				CLANG_WARN_QUOTED_INCLUDE_IN_FRAMEWORK_HEADER = YES;
				CLANG_WARN_RANGE_LOOP_ANALYSIS = YES;
				CLANG_WARN_STRICT_PROTOTYPES = YES;
				CLANG_WARN_SUSPICIOUS_MOVE = YES;
				CLANG_WARN_UNGUARDED_AVAILABILITY = YES_AGGRESSIVE;
				CLANG_WARN_UNREACHABLE_CODE = YES;
				CLANG_WARN__DUPLICATE_METHOD_MATCH = YES;
				COPY_PHASE_STRIP = NO;
				DEBUG_INFORMATION_FORMAT = "dwarf-with-dsym";
				ENABLE_NS_ASSERTIONS = NO;
				ENABLE_STRICT_OBJC_MSGSEND = YES;
				GCC_C_LANGUAGE_STANDARD = gnu11;
				GCC_NO_COMMON_BLOCKS = YES;
				GCC_WARN_64_TO_32_BIT_CONVERSION = YES;
				GCC_WARN_ABOUT_RETURN_TYPE = YES_ERROR;
				GCC_WARN_UNDECLARED_SELECTOR = YES;
				GCC_WARN_UNINITIALIZED_AUTOS = YES_AGGRESSIVE;
				GCC_WARN_UNUSED_FUNCTION = YES;
				GCC_WARN_UNUSED_VARIABLE = YES;
				IPHONEOS_DEPLOYMENT_TARGET = 16.4;
				MTL_ENABLE_DEBUG_INFO = NO;
				MTL_FAST_MATH = YES;
				SDKROOT = iphoneos;
				SWIFT_COMPILATION_MODE = wholemodule;
				SWIFT_OPTIMIZATION_LEVEL = "-O";
				VALIDATE_PRODUCT = YES;
			};
			name = Release;
		};
		01C09AB02B9B7B50009EC83F /* Debug */ = {
			isa = XCBuildConfiguration;
			baseConfigurationReference = B0D9FD2828FF9582D44613FB /* Pods-Final App.debug.xcconfig */;
			buildSettings = {
				ASSETCATALOG_COMPILER_APPICON_NAME = AppIcon;
				ASSETCATALOG_COMPILER_GLOBAL_ACCENT_COLOR_NAME = AccentColor;
				CODE_SIGN_STYLE = Automatic;
				CURRENT_PROJECT_VERSION = 1;
				DEVELOPMENT_ASSET_PATHS = "\"Final App/Preview Content\"";
				DEVELOPMENT_TEAM = 2DH7G9PN4H;
				ENABLE_PREVIEWS = YES;
				GENERATE_INFOPLIST_FILE = YES;
				INFOPLIST_KEY_NSCameraUsageDescription = "Camera Experiment camera use";
				INFOPLIST_KEY_UIApplicationSceneManifest_Generation = YES;
				INFOPLIST_KEY_UIApplicationSupportsIndirectInputEvents = YES;
				INFOPLIST_KEY_UILaunchScreen_Generation = YES;
				INFOPLIST_KEY_UISupportedInterfaceOrientations_iPad = "UIInterfaceOrientationPortrait UIInterfaceOrientationPortraitUpsideDown UIInterfaceOrientationLandscapeLeft UIInterfaceOrientationLandscapeRight";
				INFOPLIST_KEY_UISupportedInterfaceOrientations_iPhone = "UIInterfaceOrientationPortrait UIInterfaceOrientationLandscapeLeft UIInterfaceOrientationLandscapeRight";
				IPHONEOS_DEPLOYMENT_TARGET = 14.0;
				LD_RUNPATH_SEARCH_PATHS = (
					"$(inherited)",
					"@executable_path/Frameworks",
				);
				MARKETING_VERSION = 1.0;
				PRODUCT_BUNDLE_IDENTIFIER = "eliza-liebo.Final-App";
				PRODUCT_NAME = "$(TARGET_NAME)";
				SUPPORTED_PLATFORMS = "iphoneos iphonesimulator";
				SUPPORTS_MACCATALYST = NO;
				SUPPORTS_MAC_DESIGNED_FOR_IPHONE_IPAD = NO;
				SWIFT_EMIT_LOC_STRINGS = YES;
				SWIFT_VERSION = 5.0;
				TARGETED_DEVICE_FAMILY = "1,2";
			};
			name = Debug;
		};
		01C09AB12B9B7B50009EC83F /* Release */ = {
			isa = XCBuildConfiguration;
			baseConfigurationReference = 6CE9B896955E16C534F549AF /* Pods-Final App.release.xcconfig */;
			buildSettings = {
				ASSETCATALOG_COMPILER_APPICON_NAME = AppIcon;
				ASSETCATALOG_COMPILER_GLOBAL_ACCENT_COLOR_NAME = AccentColor;
				CODE_SIGN_STYLE = Automatic;
				CURRENT_PROJECT_VERSION = 1;
				DEVELOPMENT_ASSET_PATHS = "\"Final App/Preview Content\"";
				DEVELOPMENT_TEAM = 2DH7G9PN4H;
				ENABLE_PREVIEWS = YES;
				GENERATE_INFOPLIST_FILE = YES;
				INFOPLIST_KEY_NSCameraUsageDescription = "Camera Experiment camera use";
				INFOPLIST_KEY_UIApplicationSceneManifest_Generation = YES;
				INFOPLIST_KEY_UIApplicationSupportsIndirectInputEvents = YES;
				INFOPLIST_KEY_UILaunchScreen_Generation = YES;
				INFOPLIST_KEY_UISupportedInterfaceOrientations_iPad = "UIInterfaceOrientationPortrait UIInterfaceOrientationPortraitUpsideDown UIInterfaceOrientationLandscapeLeft UIInterfaceOrientationLandscapeRight";
				INFOPLIST_KEY_UISupportedInterfaceOrientations_iPhone = "UIInterfaceOrientationPortrait UIInterfaceOrientationLandscapeLeft UIInterfaceOrientationLandscapeRight";
				IPHONEOS_DEPLOYMENT_TARGET = 14.0;
				LD_RUNPATH_SEARCH_PATHS = (
					"$(inherited)",
					"@executable_path/Frameworks",
				);
				MARKETING_VERSION = 1.0;
				PRODUCT_BUNDLE_IDENTIFIER = "eliza-liebo.Final-App";
				PRODUCT_NAME = "$(TARGET_NAME)";
				SUPPORTED_PLATFORMS = "iphoneos iphonesimulator";
				SUPPORTS_MACCATALYST = NO;
				SUPPORTS_MAC_DESIGNED_FOR_IPHONE_IPAD = NO;
				SWIFT_EMIT_LOC_STRINGS = YES;
				SWIFT_VERSION = 5.0;
				TARGETED_DEVICE_FAMILY = "1,2";
			};
			name = Release;
		};
/* End XCBuildConfiguration section */

/* Begin XCConfigurationList section */
		01C09A9C2B9B7B4F009EC83F /* Build configuration list for PBXProject "Final App" */ = {
			isa = XCConfigurationList;
			buildConfigurations = (
				01C09AAD2B9B7B50009EC83F /* Debug */,
				01C09AAE2B9B7B50009EC83F /* Release */,
			);
			defaultConfigurationIsVisible = 0;
			defaultConfigurationName = Release;
		};
		01C09AAF2B9B7B50009EC83F /* Build configuration list for PBXNativeTarget "Final App" */ = {
			isa = XCConfigurationList;
			buildConfigurations = (
				01C09AB02B9B7B50009EC83F /* Debug */,
				01C09AB12B9B7B50009EC83F /* Release */,
			);
			defaultConfigurationIsVisible = 0;
			defaultConfigurationName = Release;
		};
/* End XCConfigurationList section */
	};
	rootObject = 01C09A992B9B7B4F009EC83F /* Project object */;
}
